
Microsoft Visual Studio Solution File, Format Version 12.00
# Visual Studio 15
VisualStudioVersion = 15.0.27428.2043
MinimumVisualStudioVersion = 10.0.40219.1
Project("{9A19103F-16F7-4668-BE54-9A1E7A4F7556}") = "Xamarin.FormsBook.Toolkit.NetStandard", "Xamarin.FormsBook.Toolkit.NetStandard\Xamarin.FormsBook.Toolkit.NetStandard.csproj", "{7B0F0F9B-677C-42CE-A334-F041688EDA95}"
EndProject
Project("{FAE04EC0-301F-11D3-BF4B-00C04F79EFBC}") = "Xamarin.FormsBook.Toolkit", "Xamarin.FormsBook.Toolkit.Portable\Xamarin.FormsBook.Toolkit.csproj", "{17282E6A-F436-4DD4-AC0C-3287E6B96DF5}"
EndProject
Global
	GlobalSection(SolutionConfigurationPlatforms) = preSolution
		Debug|Any CPU = Debug|Any CPU
		Release|Any CPU = Release|Any CPU
	EndGlobalSection
	GlobalSection(ProjectConfigurationPlatforms) = postSolution
		{7B0F0F9B-677C-42CE-A334-F041688EDA95}.Debug|Any CPU.ActiveCfg = Debug|Any CPU
		{7B0F0F9B-677C-42CE-A334-F041688EDA95}.Debug|Any CPU.Build.0 = Debug|Any CPU
		{7B0F0F9B-677C-42CE-A334-F041688EDA95}.Release|Any CPU.ActiveCfg = Release|Any CPU
		{7B0F0F9B-677C-42CE-A334-F041688EDA95}.Release|Any CPU.Build.0 = Release|Any CPU
		{17282E6A-F436-4DD4-AC0C-3287E6B96DF5}.Debug|Any CPU.ActiveCfg = Debug|Any CPU
		{17282E6A-F436-4DD4-AC0C-3287E6B96DF5}.Debug|Any CPU.Build.0 = Debug|Any CPU
		{17282E6A-F436-4DD4-AC0C-3287E6B96DF5}.Release|Any CPU.ActiveCfg = Release|Any CPU
		{17282E6A-F436-4DD4-AC0C-3287E6B96DF5}.Release|Any CPU.Build.0 = Release|Any CPU
	EndGlobalSection
	GlobalSection(SolutionProperties) = preSolution
		HideSolutionNode = FALSE
	EndGlobalSection
	GlobalSection(ExtensibilityGlobals) = postSolution
		SolutionGuid = {1D67644A-B07C-408B-9E88-880E21E5701D}
	EndGlobalSection
EndGlobal
