
Microsoft Visual Studio Solution File, Format Version 12.00
# Visual Studio 15
VisualStudioVersion = 15.0.27428.2043
MinimumVisualStudioVersion = 10.0.40219.1
Project("{FAE04EC0-301F-11D3-BF4B-00C04F79EFBC}") = "NamedFontSizes.iOS", "NamedFontSizes\NamedFontSizes.iOS\NamedFontSizes.iOS.csproj", "{0F154DB6-C7A7-4C0E-A385-C7FE35D63449}"
EndProject
Project("{FAE04EC0-301F-11D3-BF4B-00C04F79EFBC}") = "NamedFontSizes.Droid", "NamedFontSizes\NamedFontSizes.Droid\NamedFontSizes.Droid.csproj", "{05759069-BB1C-46C2-BF83-C2A60DC83151}"
EndProject
Project("{FAE04EC0-301F-11D3-BF4B-00C04F79EFBC}") = "NamedFontSizes.UWP", "NamedFontSizes\NamedFontSizes.UWP\NamedFontSizes.UWP.csproj", "{2F26EA46-FBE9-4D24-BA94-0076C511EA90}"
EndProject
Project("{9A19103F-16F7-4668-BE54-9A1E7A4F7556}") = "NamedFontSizes.NetStandard", "NamedFontSizes\NamedFontSizes.NetStandard\NamedFontSizes.NetStandard.csproj", "{78CDA0F3-C743-4671-AE82-0A8DA2097B1E}"
EndProject
Project("{FAE04EC0-301F-11D3-BF4B-00C04F79EFBC}") = "NamedFontSizes.Portable", "NamedFontSizes\NamedFontSizes.Portable\NamedFontSizes.Portable.csproj", "{C399B7DF-464E-416B-81D9-4E488B4F9679}"
EndProject
Global
	GlobalSection(SolutionConfigurationPlatforms) = preSolution
		Ad-Hoc|Any CPU = Ad-Hoc|Any CPU
		Ad-Hoc|ARM = Ad-Hoc|ARM
		Ad-Hoc|iPhone = Ad-Hoc|iPhone
		Ad-Hoc|iPhoneSimulator = Ad-Hoc|iPhoneSimulator
		Ad-Hoc|x64 = Ad-Hoc|x64
		Ad-Hoc|x86 = Ad-Hoc|x86
		AppStore|Any CPU = AppStore|Any CPU
		AppStore|ARM = AppStore|ARM
		AppStore|iPhone = AppStore|iPhone
		AppStore|iPhoneSimulator = AppStore|iPhoneSimulator
		AppStore|x64 = AppStore|x64
		AppStore|x86 = AppStore|x86
		Debug|Any CPU = Debug|Any CPU
		Debug|ARM = Debug|ARM
		Debug|iPhone = Debug|iPhone
		Debug|iPhoneSimulator = Debug|iPhoneSimulator
		Debug|x64 = Debug|x64
		Debug|x86 = Debug|x86
		Release|Any CPU = Release|Any CPU
		Release|ARM = Release|ARM
		Release|iPhone = Release|iPhone
		Release|iPhoneSimulator = Release|iPhoneSimulator
		Release|x64 = Release|x64
		Release|x86 = Release|x86
	EndGlobalSection
	GlobalSection(ProjectConfigurationPlatforms) = postSolution
		{0F154DB6-C7A7-4C0E-A385-C7FE35D63449}.Ad-Hoc|Any CPU.ActiveCfg = Ad-Hoc|iPhone
		{0F154DB6-C7A7-4C0E-A385-C7FE35D63449}.Ad-Hoc|ARM.ActiveCfg = Ad-Hoc|iPhone
		{0F154DB6-C7A7-4C0E-A385-C7FE35D63449}.Ad-Hoc|iPhone.ActiveCfg = Ad-Hoc|iPhone
		{0F154DB6-C7A7-4C0E-A385-C7FE35D63449}.Ad-Hoc|iPhone.Build.0 = Ad-Hoc|iPhone
		{0F154DB6-C7A7-4C0E-A385-C7FE35D63449}.Ad-Hoc|iPhoneSimulator.ActiveCfg = Ad-Hoc|iPhoneSimulator
		{0F154DB6-C7A7-4C0E-A385-C7FE35D63449}.Ad-Hoc|iPhoneSimulator.Build.0 = Ad-Hoc|iPhoneSimulator
		{0F154DB6-C7A7-4C0E-A385-C7FE35D63449}.Ad-Hoc|x64.ActiveCfg = Ad-Hoc|iPhoneSimulator
		{0F154DB6-C7A7-4C0E-A385-C7FE35D63449}.Ad-Hoc|x86.ActiveCfg = Ad-Hoc|iPhone
		{0F154DB6-C7A7-4C0E-A385-C7FE35D63449}.AppStore|Any CPU.ActiveCfg = AppStore|iPhone
		{0F154DB6-C7A7-4C0E-A385-C7FE35D63449}.AppStore|ARM.ActiveCfg = AppStore|iPhone
		{0F154DB6-C7A7-4C0E-A385-C7FE35D63449}.AppStore|iPhone.ActiveCfg = AppStore|iPhone
		{0F154DB6-C7A7-4C0E-A385-C7FE35D63449}.AppStore|iPhone.Build.0 = AppStore|iPhone
		{0F154DB6-C7A7-4C0E-A385-C7FE35D63449}.AppStore|iPhoneSimulator.ActiveCfg = AppStore|iPhoneSimulator
		{0F154DB6-C7A7-4C0E-A385-C7FE35D63449}.AppStore|iPhoneSimulator.Build.0 = AppStore|iPhoneSimulator
		{0F154DB6-C7A7-4C0E-A385-C7FE35D63449}.AppStore|x64.ActiveCfg = AppStore|iPhoneSimulator
		{0F154DB6-C7A7-4C0E-A385-C7FE35D63449}.AppStore|x86.ActiveCfg = AppStore|iPhone
		{0F154DB6-C7A7-4C0E-A385-C7FE35D63449}.Debug|Any CPU.ActiveCfg = Debug|iPhone
		{0F154DB6-C7A7-4C0E-A385-C7FE35D63449}.Debug|Any CPU.Build.0 = Debug|iPhone
		{0F154DB6-C7A7-4C0E-A385-C7FE35D63449}.Debug|ARM.ActiveCfg = Debug|iPhone
		{0F154DB6-C7A7-4C0E-A385-C7FE35D63449}.Debug|iPhone.ActiveCfg = Debug|iPhone
		{0F154DB6-C7A7-4C0E-A385-C7FE35D63449}.Debug|iPhone.Build.0 = Debug|iPhone
		{0F154DB6-C7A7-4C0E-A385-C7FE35D63449}.Debug|iPhoneSimulator.ActiveCfg = Debug|iPhoneSimulator
		{0F154DB6-C7A7-4C0E-A385-C7FE35D63449}.Debug|iPhoneSimulator.Build.0 = Debug|iPhoneSimulator
		{0F154DB6-C7A7-4C0E-A385-C7FE35D63449}.Debug|x64.ActiveCfg = Debug|iPhoneSimulator
		{0F154DB6-C7A7-4C0E-A385-C7FE35D63449}.Debug|x86.ActiveCfg = Debug|iPhone
		{0F154DB6-C7A7-4C0E-A385-C7FE35D63449}.Release|Any CPU.ActiveCfg = Release|iPhone
		{0F154DB6-C7A7-4C0E-A385-C7FE35D63449}.Release|ARM.ActiveCfg = Release|iPhone
		{0F154DB6-C7A7-4C0E-A385-C7FE35D63449}.Release|iPhone.ActiveCfg = Release|iPhone
		{0F154DB6-C7A7-4C0E-A385-C7FE35D63449}.Release|iPhone.Build.0 = Release|iPhone
		{0F154DB6-C7A7-4C0E-A385-C7FE35D63449}.Release|iPhoneSimulator.ActiveCfg = Release|iPhoneSimulator
		{0F154DB6-C7A7-4C0E-A385-C7FE35D63449}.Release|iPhoneSimulator.Build.0 = Release|iPhoneSimulator
		{0F154DB6-C7A7-4C0E-A385-C7FE35D63449}.Release|x64.ActiveCfg = Release|iPhoneSimulator
		{0F154DB6-C7A7-4C0E-A385-C7FE35D63449}.Release|x86.ActiveCfg = Release|iPhone
		{05759069-BB1C-46C2-BF83-C2A60DC83151}.Ad-Hoc|Any CPU.ActiveCfg = Release|Any CPU
		{05759069-BB1C-46C2-BF83-C2A60DC83151}.Ad-Hoc|Any CPU.Build.0 = Release|Any CPU
		{05759069-BB1C-46C2-BF83-C2A60DC83151}.Ad-Hoc|Any CPU.Deploy.0 = Release|Any CPU
		{05759069-BB1C-46C2-BF83-C2A60DC83151}.Ad-Hoc|ARM.ActiveCfg = Release|Any CPU
		{05759069-BB1C-46C2-BF83-C2A60DC83151}.Ad-Hoc|ARM.Build.0 = Release|Any CPU
		{05759069-BB1C-46C2-BF83-C2A60DC83151}.Ad-Hoc|ARM.Deploy.0 = Release|Any CPU
		{05759069-BB1C-46C2-BF83-C2A60DC83151}.Ad-Hoc|iPhone.ActiveCfg = Release|Any CPU
		{05759069-BB1C-46C2-BF83-C2A60DC83151}.Ad-Hoc|iPhone.Build.0 = Release|Any CPU
		{05759069-BB1C-46C2-BF83-C2A60DC83151}.Ad-Hoc|iPhone.Deploy.0 = Release|Any CPU
		{05759069-BB1C-46C2-BF83-C2A60DC83151}.Ad-Hoc|iPhoneSimulator.ActiveCfg = Release|Any CPU
		{05759069-BB1C-46C2-BF83-C2A60DC83151}.Ad-Hoc|iPhoneSimulator.Build.0 = Release|Any CPU
		{05759069-BB1C-46C2-BF83-C2A60DC83151}.Ad-Hoc|iPhoneSimulator.Deploy.0 = Release|Any CPU
		{05759069-BB1C-46C2-BF83-C2A60DC83151}.Ad-Hoc|x64.ActiveCfg = Release|Any CPU
		{05759069-BB1C-46C2-BF83-C2A60DC83151}.Ad-Hoc|x64.Build.0 = Release|Any CPU
		{05759069-BB1C-46C2-BF83-C2A60DC83151}.Ad-Hoc|x64.Deploy.0 = Release|Any CPU
		{05759069-BB1C-46C2-BF83-C2A60DC83151}.Ad-Hoc|x86.ActiveCfg = Release|Any CPU
		{05759069-BB1C-46C2-BF83-C2A60DC83151}.Ad-Hoc|x86.Build.0 = Release|Any CPU
		{05759069-BB1C-46C2-BF83-C2A60DC83151}.Ad-Hoc|x86.Deploy.0 = Release|Any CPU
		{05759069-BB1C-46C2-BF83-C2A60DC83151}.AppStore|Any CPU.ActiveCfg = Release|Any CPU
		{05759069-BB1C-46C2-BF83-C2A60DC83151}.AppStore|Any CPU.Build.0 = Release|Any CPU
		{05759069-BB1C-46C2-BF83-C2A60DC83151}.AppStore|Any CPU.Deploy.0 = Release|Any CPU
		{05759069-BB1C-46C2-BF83-C2A60DC83151}.AppStore|ARM.ActiveCfg = Release|Any CPU
		{05759069-BB1C-46C2-BF83-C2A60DC83151}.AppStore|ARM.Build.0 = Release|Any CPU
		{05759069-BB1C-46C2-BF83-C2A60DC83151}.AppStore|ARM.Deploy.0 = Release|Any CPU
		{05759069-BB1C-46C2-BF83-C2A60DC83151}.AppStore|iPhone.ActiveCfg = Release|Any CPU
		{05759069-BB1C-46C2-BF83-C2A60DC83151}.AppStore|iPhone.Build.0 = Release|Any CPU
		{05759069-BB1C-46C2-BF83-C2A60DC83151}.AppStore|iPhone.Deploy.0 = Release|Any CPU
		{05759069-BB1C-46C2-BF83-C2A60DC83151}.AppStore|iPhoneSimulator.ActiveCfg = Release|Any CPU
		{05759069-BB1C-46C2-BF83-C2A60DC83151}.AppStore|iPhoneSimulator.Build.0 = Release|Any CPU
		{05759069-BB1C-46C2-BF83-C2A60DC83151}.AppStore|iPhoneSimulator.Deploy.0 = Release|Any CPU
		{05759069-BB1C-46C2-BF83-C2A60DC83151}.AppStore|x64.ActiveCfg = Release|Any CPU
		{05759069-BB1C-46C2-BF83-C2A60DC83151}.AppStore|x64.Build.0 = Release|Any CPU
		{05759069-BB1C-46C2-BF83-C2A60DC83151}.AppStore|x64.Deploy.0 = Release|Any CPU
		{05759069-BB1C-46C2-BF83-C2A60DC83151}.AppStore|x86.ActiveCfg = Release|Any CPU
		{05759069-BB1C-46C2-BF83-C2A60DC83151}.AppStore|x86.Build.0 = Release|Any CPU
		{05759069-BB1C-46C2-BF83-C2A60DC83151}.AppStore|x86.Deploy.0 = Release|Any CPU
		{05759069-BB1C-46C2-BF83-C2A60DC83151}.Debug|Any CPU.ActiveCfg = Debug|Any CPU
		{05759069-BB1C-46C2-BF83-C2A60DC83151}.Debug|Any CPU.Build.0 = Debug|Any CPU
		{05759069-BB1C-46C2-BF83-C2A60DC83151}.Debug|Any CPU.Deploy.0 = Debug|Any CPU
		{05759069-BB1C-46C2-BF83-C2A60DC83151}.Debug|ARM.ActiveCfg = Debug|Any CPU
		{05759069-BB1C-46C2-BF83-C2A60DC83151}.Debug|ARM.Build.0 = Debug|Any CPU
		{05759069-BB1C-46C2-BF83-C2A60DC83151}.Debug|ARM.Deploy.0 = Debug|Any CPU
		{05759069-BB1C-46C2-BF83-C2A60DC83151}.Debug|iPhone.ActiveCfg = Debug|Any CPU
		{05759069-BB1C-46C2-BF83-C2A60DC83151}.Debug|iPhone.Build.0 = Debug|Any CPU
		{05759069-BB1C-46C2-BF83-C2A60DC83151}.Debug|iPhone.Deploy.0 = Debug|Any CPU
		{05759069-BB1C-46C2-BF83-C2A60DC83151}.Debug|iPhoneSimulator.ActiveCfg = Debug|Any CPU
		{05759069-BB1C-46C2-BF83-C2A60DC83151}.Debug|iPhoneSimulator.Build.0 = Debug|Any CPU
		{05759069-BB1C-46C2-BF83-C2A60DC83151}.Debug|iPhoneSimulator.Deploy.0 = Debug|Any CPU
		{05759069-BB1C-46C2-BF83-C2A60DC83151}.Debug|x64.ActiveCfg = Debug|Any CPU
		{05759069-BB1C-46C2-BF83-C2A60DC83151}.Debug|x64.Build.0 = Debug|Any CPU
		{05759069-BB1C-46C2-BF83-C2A60DC83151}.Debug|x64.Deploy.0 = Debug|Any CPU
		{05759069-BB1C-46C2-BF83-C2A60DC83151}.Debug|x86.ActiveCfg = Debug|Any CPU
		{05759069-BB1C-46C2-BF83-C2A60DC83151}.Debug|x86.Build.0 = Debug|Any CPU
		{05759069-BB1C-46C2-BF83-C2A60DC83151}.Debug|x86.Deploy.0 = Debug|Any CPU
		{05759069-BB1C-46C2-BF83-C2A60DC83151}.Release|Any CPU.ActiveCfg = Release|Any CPU
		{05759069-BB1C-46C2-BF83-C2A60DC83151}.Release|Any CPU.Build.0 = Release|Any CPU
		{05759069-BB1C-46C2-BF83-C2A60DC83151}.Release|Any CPU.Deploy.0 = Release|Any CPU
		{05759069-BB1C-46C2-BF83-C2A60DC83151}.Release|ARM.ActiveCfg = Release|Any CPU
		{05759069-BB1C-46C2-BF83-C2A60DC83151}.Release|ARM.Build.0 = Release|Any CPU
		{05759069-BB1C-46C2-BF83-C2A60DC83151}.Release|ARM.Deploy.0 = Release|Any CPU
		{05759069-BB1C-46C2-BF83-C2A60DC83151}.Release|iPhone.ActiveCfg = Release|Any CPU
		{05759069-BB1C-46C2-BF83-C2A60DC83151}.Release|iPhone.Build.0 = Release|Any CPU
		{05759069-BB1C-46C2-BF83-C2A60DC83151}.Release|iPhone.Deploy.0 = Release|Any CPU
		{05759069-BB1C-46C2-BF83-C2A60DC83151}.Release|iPhoneSimulator.ActiveCfg = Release|Any CPU
		{05759069-BB1C-46C2-BF83-C2A60DC83151}.Release|iPhoneSimulator.Build.0 = Release|Any CPU
		{05759069-BB1C-46C2-BF83-C2A60DC83151}.Release|iPhoneSimulator.Deploy.0 = Release|Any CPU
		{05759069-BB1C-46C2-BF83-C2A60DC83151}.Release|x64.ActiveCfg = Release|Any CPU
		{05759069-BB1C-46C2-BF83-C2A60DC83151}.Release|x64.Build.0 = Release|Any CPU
		{05759069-BB1C-46C2-BF83-C2A60DC83151}.Release|x64.Deploy.0 = Release|Any CPU
		{05759069-BB1C-46C2-BF83-C2A60DC83151}.Release|x86.ActiveCfg = Release|Any CPU
		{05759069-BB1C-46C2-BF83-C2A60DC83151}.Release|x86.Build.0 = Release|Any CPU
		{05759069-BB1C-46C2-BF83-C2A60DC83151}.Release|x86.Deploy.0 = Release|Any CPU
		{2F26EA46-FBE9-4D24-BA94-0076C511EA90}.Ad-Hoc|Any CPU.ActiveCfg = Release|x86
		{2F26EA46-FBE9-4D24-BA94-0076C511EA90}.Ad-Hoc|Any CPU.Build.0 = Release|x86
		{2F26EA46-FBE9-4D24-BA94-0076C511EA90}.Ad-Hoc|Any CPU.Deploy.0 = Release|x86
		{2F26EA46-FBE9-4D24-BA94-0076C511EA90}.Ad-Hoc|ARM.ActiveCfg = Release|ARM
		{2F26EA46-FBE9-4D24-BA94-0076C511EA90}.Ad-Hoc|ARM.Build.0 = Release|ARM
		{2F26EA46-FBE9-4D24-BA94-0076C511EA90}.Ad-Hoc|ARM.Deploy.0 = Release|ARM
		{2F26EA46-FBE9-4D24-BA94-0076C511EA90}.Ad-Hoc|iPhone.ActiveCfg = Release|x86
		{2F26EA46-FBE9-4D24-BA94-0076C511EA90}.Ad-Hoc|iPhone.Build.0 = Release|x86
		{2F26EA46-FBE9-4D24-BA94-0076C511EA90}.Ad-Hoc|iPhone.Deploy.0 = Release|x86
		{2F26EA46-FBE9-4D24-BA94-0076C511EA90}.Ad-Hoc|iPhoneSimulator.ActiveCfg = Release|x86
		{2F26EA46-FBE9-4D24-BA94-0076C511EA90}.Ad-Hoc|iPhoneSimulator.Build.0 = Release|x86
		{2F26EA46-FBE9-4D24-BA94-0076C511EA90}.Ad-Hoc|iPhoneSimulator.Deploy.0 = Release|x86
		{2F26EA46-FBE9-4D24-BA94-0076C511EA90}.Ad-Hoc|x64.ActiveCfg = Release|x64
		{2F26EA46-FBE9-4D24-BA94-0076C511EA90}.Ad-Hoc|x64.Build.0 = Release|x64
		{2F26EA46-FBE9-4D24-BA94-0076C511EA90}.Ad-Hoc|x64.Deploy.0 = Release|x64
		{2F26EA46-FBE9-4D24-BA94-0076C511EA90}.Ad-Hoc|x86.ActiveCfg = Release|x86
		{2F26EA46-FBE9-4D24-BA94-0076C511EA90}.Ad-Hoc|x86.Build.0 = Release|x86
		{2F26EA46-FBE9-4D24-BA94-0076C511EA90}.Ad-Hoc|x86.Deploy.0 = Release|x86
		{2F26EA46-FBE9-4D24-BA94-0076C511EA90}.AppStore|Any CPU.ActiveCfg = Release|x86
		{2F26EA46-FBE9-4D24-BA94-0076C511EA90}.AppStore|Any CPU.Build.0 = Release|x86
		{2F26EA46-FBE9-4D24-BA94-0076C511EA90}.AppStore|Any CPU.Deploy.0 = Release|x86
		{2F26EA46-FBE9-4D24-BA94-0076C511EA90}.AppStore|ARM.ActiveCfg = Release|ARM
		{2F26EA46-FBE9-4D24-BA94-0076C511EA90}.AppStore|ARM.Build.0 = Release|ARM
		{2F26EA46-FBE9-4D24-BA94-0076C511EA90}.AppStore|ARM.Deploy.0 = Release|ARM
		{2F26EA46-FBE9-4D24-BA94-0076C511EA90}.AppStore|iPhone.ActiveCfg = Release|x86
		{2F26EA46-FBE9-4D24-BA94-0076C511EA90}.AppStore|iPhone.Build.0 = Release|x86
		{2F26EA46-FBE9-4D24-BA94-0076C511EA90}.AppStore|iPhone.Deploy.0 = Release|x86
		{2F26EA46-FBE9-4D24-BA94-0076C511EA90}.AppStore|iPhoneSimulator.ActiveCfg = Release|x86
		{2F26EA46-FBE9-4D24-BA94-0076C511EA90}.AppStore|iPhoneSimulator.Build.0 = Release|x86
		{2F26EA46-FBE9-4D24-BA94-0076C511EA90}.AppStore|iPhoneSimulator.Deploy.0 = Release|x86
		{2F26EA46-FBE9-4D24-BA94-0076C511EA90}.AppStore|x64.ActiveCfg = Release|x64
		{2F26EA46-FBE9-4D24-BA94-0076C511EA90}.AppStore|x64.Build.0 = Release|x64
		{2F26EA46-FBE9-4D24-BA94-0076C511EA90}.AppStore|x64.Deploy.0 = Release|x64
		{2F26EA46-FBE9-4D24-BA94-0076C511EA90}.AppStore|x86.ActiveCfg = Release|x86
		{2F26EA46-FBE9-4D24-BA94-0076C511EA90}.AppStore|x86.Build.0 = Release|x86
		{2F26EA46-FBE9-4D24-BA94-0076C511EA90}.AppStore|x86.Deploy.0 = Release|x86
		{2F26EA46-FBE9-4D24-BA94-0076C511EA90}.Debug|Any CPU.ActiveCfg = Debug|x86
		{2F26EA46-FBE9-4D24-BA94-0076C511EA90}.Debug|Any CPU.Build.0 = Debug|x86
		{2F26EA46-FBE9-4D24-BA94-0076C511EA90}.Debug|Any CPU.Deploy.0 = Debug|x86
		{2F26EA46-FBE9-4D24-BA94-0076C511EA90}.Debug|ARM.ActiveCfg = Debug|ARM
		{2F26EA46-FBE9-4D24-BA94-0076C511EA90}.Debug|ARM.Build.0 = Debug|ARM
		{2F26EA46-FBE9-4D24-BA94-0076C511EA90}.Debug|ARM.Deploy.0 = Debug|ARM
		{2F26EA46-FBE9-4D24-BA94-0076C511EA90}.Debug|iPhone.ActiveCfg = Debug|x86
		{2F26EA46-FBE9-4D24-BA94-0076C511EA90}.Debug|iPhone.Build.0 = Debug|x86
		{2F26EA46-FBE9-4D24-BA94-0076C511EA90}.Debug|iPhone.Deploy.0 = Debug|x86
		{2F26EA46-FBE9-4D24-BA94-0076C511EA90}.Debug|iPhoneSimulator.ActiveCfg = Debug|x86
		{2F26EA46-FBE9-4D24-BA94-0076C511EA90}.Debug|iPhoneSimulator.Build.0 = Debug|x86
		{2F26EA46-FBE9-4D24-BA94-0076C511EA90}.Debug|iPhoneSimulator.Deploy.0 = Debug|x86
		{2F26EA46-FBE9-4D24-BA94-0076C511EA90}.Debug|x64.ActiveCfg = Debug|x64
		{2F26EA46-FBE9-4D24-BA94-0076C511EA90}.Debug|x64.Build.0 = Debug|x64
		{2F26EA46-FBE9-4D24-BA94-0076C511EA90}.Debug|x64.Deploy.0 = Debug|x64
		{2F26EA46-FBE9-4D24-BA94-0076C511EA90}.Debug|x86.ActiveCfg = Debug|x86
		{2F26EA46-FBE9-4D24-BA94-0076C511EA90}.Debug|x86.Build.0 = Debug|x86
		{2F26EA46-FBE9-4D24-BA94-0076C511EA90}.Debug|x86.Deploy.0 = Debug|x86
		{2F26EA46-FBE9-4D24-BA94-0076C511EA90}.Release|Any CPU.ActiveCfg = Release|x86
		{2F26EA46-FBE9-4D24-BA94-0076C511EA90}.Release|Any CPU.Build.0 = Release|x86
		{2F26EA46-FBE9-4D24-BA94-0076C511EA90}.Release|Any CPU.Deploy.0 = Release|x86
		{2F26EA46-FBE9-4D24-BA94-0076C511EA90}.Release|ARM.ActiveCfg = Release|ARM
		{2F26EA46-FBE9-4D24-BA94-0076C511EA90}.Release|ARM.Build.0 = Release|ARM
		{2F26EA46-FBE9-4D24-BA94-0076C511EA90}.Release|ARM.Deploy.0 = Release|ARM
		{2F26EA46-FBE9-4D24-BA94-0076C511EA90}.Release|iPhone.ActiveCfg = Release|x86
		{2F26EA46-FBE9-4D24-BA94-0076C511EA90}.Release|iPhone.Build.0 = Release|x86
		{2F26EA46-FBE9-4D24-BA94-0076C511EA90}.Release|iPhone.Deploy.0 = Release|x86
		{2F26EA46-FBE9-4D24-BA94-0076C511EA90}.Release|iPhoneSimulator.ActiveCfg = Release|x86
		{2F26EA46-FBE9-4D24-BA94-0076C511EA90}.Release|iPhoneSimulator.Build.0 = Release|x86
		{2F26EA46-FBE9-4D24-BA94-0076C511EA90}.Release|iPhoneSimulator.Deploy.0 = Release|x86
		{2F26EA46-FBE9-4D24-BA94-0076C511EA90}.Release|x64.ActiveCfg = Release|x64
		{2F26EA46-FBE9-4D24-BA94-0076C511EA90}.Release|x64.Build.0 = Release|x64
		{2F26EA46-FBE9-4D24-BA94-0076C511EA90}.Release|x64.Deploy.0 = Release|x64
		{2F26EA46-FBE9-4D24-BA94-0076C511EA90}.Release|x86.ActiveCfg = Release|x86
		{2F26EA46-FBE9-4D24-BA94-0076C511EA90}.Release|x86.Build.0 = Release|x86
		{2F26EA46-FBE9-4D24-BA94-0076C511EA90}.Release|x86.Deploy.0 = Release|x86
		{78CDA0F3-C743-4671-AE82-0A8DA2097B1E}.Ad-Hoc|Any CPU.ActiveCfg = Debug|Any CPU
		{78CDA0F3-C743-4671-AE82-0A8DA2097B1E}.Ad-Hoc|Any CPU.Build.0 = Debug|Any CPU
		{78CDA0F3-C743-4671-AE82-0A8DA2097B1E}.Ad-Hoc|ARM.ActiveCfg = Debug|Any CPU
		{78CDA0F3-C743-4671-AE82-0A8DA2097B1E}.Ad-Hoc|ARM.Build.0 = Debug|Any CPU
		{78CDA0F3-C743-4671-AE82-0A8DA2097B1E}.Ad-Hoc|iPhone.ActiveCfg = Debug|Any CPU
		{78CDA0F3-C743-4671-AE82-0A8DA2097B1E}.Ad-Hoc|iPhone.Build.0 = Debug|Any CPU
		{78CDA0F3-C743-4671-AE82-0A8DA2097B1E}.Ad-Hoc|iPhoneSimulator.ActiveCfg = Debug|Any CPU
		{78CDA0F3-C743-4671-AE82-0A8DA2097B1E}.Ad-Hoc|iPhoneSimulator.Build.0 = Debug|Any CPU
		{78CDA0F3-C743-4671-AE82-0A8DA2097B1E}.Ad-Hoc|x64.ActiveCfg = Debug|Any CPU
		{78CDA0F3-C743-4671-AE82-0A8DA2097B1E}.Ad-Hoc|x64.Build.0 = Debug|Any CPU
		{78CDA0F3-C743-4671-AE82-0A8DA2097B1E}.Ad-Hoc|x86.ActiveCfg = Debug|Any CPU
		{78CDA0F3-C743-4671-AE82-0A8DA2097B1E}.Ad-Hoc|x86.Build.0 = Debug|Any CPU
		{78CDA0F3-C743-4671-AE82-0A8DA2097B1E}.AppStore|Any CPU.ActiveCfg = Debug|Any CPU
		{78CDA0F3-C743-4671-AE82-0A8DA2097B1E}.AppStore|Any CPU.Build.0 = Debug|Any CPU
		{78CDA0F3-C743-4671-AE82-0A8DA2097B1E}.AppStore|ARM.ActiveCfg = Debug|Any CPU
		{78CDA0F3-C743-4671-AE82-0A8DA2097B1E}.AppStore|ARM.Build.0 = Debug|Any CPU
		{78CDA0F3-C743-4671-AE82-0A8DA2097B1E}.AppStore|iPhone.ActiveCfg = Debug|Any CPU
		{78CDA0F3-C743-4671-AE82-0A8DA2097B1E}.AppStore|iPhone.Build.0 = Debug|Any CPU
		{78CDA0F3-C743-4671-AE82-0A8DA2097B1E}.AppStore|iPhoneSimulator.ActiveCfg = Debug|Any CPU
		{78CDA0F3-C743-4671-AE82-0A8DA2097B1E}.AppStore|iPhoneSimulator.Build.0 = Debug|Any CPU
		{78CDA0F3-C743-4671-AE82-0A8DA2097B1E}.AppStore|x64.ActiveCfg = Debug|Any CPU
		{78CDA0F3-C743-4671-AE82-0A8DA2097B1E}.AppStore|x64.Build.0 = Debug|Any CPU
		{78CDA0F3-C743-4671-AE82-0A8DA2097B1E}.AppStore|x86.ActiveCfg = Debug|Any CPU
		{78CDA0F3-C743-4671-AE82-0A8DA2097B1E}.AppStore|x86.Build.0 = Debug|Any CPU
		{78CDA0F3-C743-4671-AE82-0A8DA2097B1E}.Debug|Any CPU.ActiveCfg = Debug|Any CPU
		{78CDA0F3-C743-4671-AE82-0A8DA2097B1E}.Debug|Any CPU.Build.0 = Debug|Any CPU
		{78CDA0F3-C743-4671-AE82-0A8DA2097B1E}.Debug|ARM.ActiveCfg = Debug|Any CPU
		{78CDA0F3-C743-4671-AE82-0A8DA2097B1E}.Debug|ARM.Build.0 = Debug|Any CPU
		{78CDA0F3-C743-4671-AE82-0A8DA2097B1E}.Debug|iPhone.ActiveCfg = Debug|Any CPU
		{78CDA0F3-C743-4671-AE82-0A8DA2097B1E}.Debug|iPhone.Build.0 = Debug|Any CPU
		{78CDA0F3-C743-4671-AE82-0A8DA2097B1E}.Debug|iPhoneSimulator.ActiveCfg = Debug|Any CPU
		{78CDA0F3-C743-4671-AE82-0A8DA2097B1E}.Debug|iPhoneSimulator.Build.0 = Debug|Any CPU
		{78CDA0F3-C743-4671-AE82-0A8DA2097B1E}.Debug|x64.ActiveCfg = Debug|Any CPU
		{78CDA0F3-C743-4671-AE82-0A8DA2097B1E}.Debug|x64.Build.0 = Debug|Any CPU
		{78CDA0F3-C743-4671-AE82-0A8DA2097B1E}.Debug|x86.ActiveCfg = Debug|Any CPU
		{78CDA0F3-C743-4671-AE82-0A8DA2097B1E}.Debug|x86.Build.0 = Debug|Any CPU
		{78CDA0F3-C743-4671-AE82-0A8DA2097B1E}.Release|Any CPU.ActiveCfg = Release|Any CPU
		{78CDA0F3-C743-4671-AE82-0A8DA2097B1E}.Release|Any CPU.Build.0 = Release|Any CPU
		{78CDA0F3-C743-4671-AE82-0A8DA2097B1E}.Release|ARM.ActiveCfg = Release|Any CPU
		{78CDA0F3-C743-4671-AE82-0A8DA2097B1E}.Release|ARM.Build.0 = Release|Any CPU
		{78CDA0F3-C743-4671-AE82-0A8DA2097B1E}.Release|iPhone.ActiveCfg = Release|Any CPU
		{78CDA0F3-C743-4671-AE82-0A8DA2097B1E}.Release|iPhone.Build.0 = Release|Any CPU
		{78CDA0F3-C743-4671-AE82-0A8DA2097B1E}.Release|iPhoneSimulator.ActiveCfg = Release|Any CPU
		{78CDA0F3-C743-4671-AE82-0A8DA2097B1E}.Release|iPhoneSimulator.Build.0 = Release|Any CPU
		{78CDA0F3-C743-4671-AE82-0A8DA2097B1E}.Release|x64.ActiveCfg = Release|Any CPU
		{78CDA0F3-C743-4671-AE82-0A8DA2097B1E}.Release|x64.Build.0 = Release|Any CPU
		{78CDA0F3-C743-4671-AE82-0A8DA2097B1E}.Release|x86.ActiveCfg = Release|Any CPU
		{78CDA0F3-C743-4671-AE82-0A8DA2097B1E}.Release|x86.Build.0 = Release|Any CPU
		{C399B7DF-464E-416B-81D9-4E488B4F9679}.Ad-Hoc|Any CPU.ActiveCfg = Release|Any CPU
		{C399B7DF-464E-416B-81D9-4E488B4F9679}.Ad-Hoc|Any CPU.Build.0 = Release|Any CPU
		{C399B7DF-464E-416B-81D9-4E488B4F9679}.Ad-Hoc|ARM.ActiveCfg = Release|Any CPU
		{C399B7DF-464E-416B-81D9-4E488B4F9679}.Ad-Hoc|ARM.Build.0 = Release|Any CPU
		{C399B7DF-464E-416B-81D9-4E488B4F9679}.Ad-Hoc|iPhone.ActiveCfg = Release|Any CPU
		{C399B7DF-464E-416B-81D9-4E488B4F9679}.Ad-Hoc|iPhone.Build.0 = Release|Any CPU
		{C399B7DF-464E-416B-81D9-4E488B4F9679}.Ad-Hoc|iPhoneSimulator.ActiveCfg = Release|Any CPU
		{C399B7DF-464E-416B-81D9-4E488B4F9679}.Ad-Hoc|iPhoneSimulator.Build.0 = Release|Any CPU
		{C399B7DF-464E-416B-81D9-4E488B4F9679}.Ad-Hoc|x64.ActiveCfg = Release|Any CPU
		{C399B7DF-464E-416B-81D9-4E488B4F9679}.Ad-Hoc|x64.Build.0 = Release|Any CPU
		{C399B7DF-464E-416B-81D9-4E488B4F9679}.Ad-Hoc|x86.ActiveCfg = Release|Any CPU
		{C399B7DF-464E-416B-81D9-4E488B4F9679}.Ad-Hoc|x86.Build.0 = Release|Any CPU
		{C399B7DF-464E-416B-81D9-4E488B4F9679}.AppStore|Any CPU.ActiveCfg = Release|Any CPU
		{C399B7DF-464E-416B-81D9-4E488B4F9679}.AppStore|Any CPU.Build.0 = Release|Any CPU
		{C399B7DF-464E-416B-81D9-4E488B4F9679}.AppStore|ARM.ActiveCfg = Release|Any CPU
		{C399B7DF-464E-416B-81D9-4E488B4F9679}.AppStore|ARM.Build.0 = Release|Any CPU
		{C399B7DF-464E-416B-81D9-4E488B4F9679}.AppStore|iPhone.ActiveCfg = Release|Any CPU
		{C399B7DF-464E-416B-81D9-4E488B4F9679}.AppStore|iPhone.Build.0 = Release|Any CPU
		{C399B7DF-464E-416B-81D9-4E488B4F9679}.AppStore|iPhoneSimulator.ActiveCfg = Release|Any CPU
		{C399B7DF-464E-416B-81D9-4E488B4F9679}.AppStore|iPhoneSimulator.Build.0 = Release|Any CPU
		{C399B7DF-464E-416B-81D9-4E488B4F9679}.AppStore|x64.ActiveCfg = Release|Any CPU
		{C399B7DF-464E-416B-81D9-4E488B4F9679}.AppStore|x64.Build.0 = Release|Any CPU
		{C399B7DF-464E-416B-81D9-4E488B4F9679}.AppStore|x86.ActiveCfg = Release|Any CPU
		{C399B7DF-464E-416B-81D9-4E488B4F9679}.AppStore|x86.Build.0 = Release|Any CPU
		{C399B7DF-464E-416B-81D9-4E488B4F9679}.Debug|Any CPU.ActiveCfg = Debug|Any CPU
		{C399B7DF-464E-416B-81D9-4E488B4F9679}.Debug|Any CPU.Build.0 = Debug|Any CPU
		{C399B7DF-464E-416B-81D9-4E488B4F9679}.Debug|ARM.ActiveCfg = Debug|Any CPU
		{C399B7DF-464E-416B-81D9-4E488B4F9679}.Debug|ARM.Build.0 = Debug|Any CPU
		{C399B7DF-464E-416B-81D9-4E488B4F9679}.Debug|iPhone.ActiveCfg = Debug|Any CPU
		{C399B7DF-464E-416B-81D9-4E488B4F9679}.Debug|iPhone.Build.0 = Debug|Any CPU
		{C399B7DF-464E-416B-81D9-4E488B4F9679}.Debug|iPhoneSimulator.ActiveCfg = Debug|Any CPU
		{C399B7DF-464E-416B-81D9-4E488B4F9679}.Debug|iPhoneSimulator.Build.0 = Debug|Any CPU
		{C399B7DF-464E-416B-81D9-4E488B4F9679}.Debug|x64.ActiveCfg = Debug|Any CPU
		{C399B7DF-464E-416B-81D9-4E488B4F9679}.Debug|x64.Build.0 = Debug|Any CPU
		{C399B7DF-464E-416B-81D9-4E488B4F9679}.Debug|x86.ActiveCfg = Debug|Any CPU
		{C399B7DF-464E-416B-81D9-4E488B4F9679}.Debug|x86.Build.0 = Debug|Any CPU
		{C399B7DF-464E-416B-81D9-4E488B4F9679}.Release|Any CPU.ActiveCfg = Release|Any CPU
		{C399B7DF-464E-416B-81D9-4E488B4F9679}.Release|Any CPU.Build.0 = Release|Any CPU
		{C399B7DF-464E-416B-81D9-4E488B4F9679}.Release|ARM.ActiveCfg = Release|Any CPU
		{C399B7DF-464E-416B-81D9-4E488B4F9679}.Release|ARM.Build.0 = Release|Any CPU
		{C399B7DF-464E-416B-81D9-4E488B4F9679}.Release|iPhone.ActiveCfg = Release|Any CPU
		{C399B7DF-464E-416B-81D9-4E488B4F9679}.Release|iPhone.Build.0 = Release|Any CPU
		{C399B7DF-464E-416B-81D9-4E488B4F9679}.Release|iPhoneSimulator.ActiveCfg = Release|Any CPU
		{C399B7DF-464E-416B-81D9-4E488B4F9679}.Release|iPhoneSimulator.Build.0 = Release|Any CPU
		{C399B7DF-464E-416B-81D9-4E488B4F9679}.Release|x64.ActiveCfg = Release|Any CPU
		{C399B7DF-464E-416B-81D9-4E488B4F9679}.Release|x64.Build.0 = Release|Any CPU
		{C399B7DF-464E-416B-81D9-4E488B4F9679}.Release|x86.ActiveCfg = Release|Any CPU
		{C399B7DF-464E-416B-81D9-4E488B4F9679}.Release|x86.Build.0 = Release|Any CPU
	EndGlobalSection
	GlobalSection(SolutionProperties) = preSolution
		HideSolutionNode = FALSE
	EndGlobalSection
	GlobalSection(ExtensibilityGlobals) = postSolution
		SolutionGuid = {07952F90-8A24-4E95-AB44-EA0B76BAA36C}
	EndGlobalSection
EndGlobal
