
Microsoft Visual Studio Solution File, Format Version 12.00
# Visual Studio 15
VisualStudioVersion = 15.0.27703.2000
MinimumVisualStudioVersion = 10.0.40219.1
Project("{FAE04EC0-301F-11D3-BF4B-00C04F79EFBC}") = "CustomExtensionDemo.iOS", "CustomExtensionDemo\CustomExtensionDemo.iOS\CustomExtensionDemo.iOS.csproj", "{70A04AFE-ECD4-4FA7-8F21-7A7D03F5D6ED}"
EndProject
Project("{FAE04EC0-301F-11D3-BF4B-00C04F79EFBC}") = "CustomExtensionDemo.Droid", "CustomExtensionDemo\CustomExtensionDemo.Droid\CustomExtensionDemo.Droid.csproj", "{2C0B1951-474D-48A2-97B4-169EFF46E98B}"
EndProject
Project("{FAE04EC0-301F-11D3-BF4B-00C04F79EFBC}") = "CustomExtensionDemo.UWP", "CustomExtensionDemo\CustomExtensionDemo.UWP\CustomExtensionDemo.UWP.csproj", "{A27AE788-0CAA-4A87-B0EF-0481C06C2237}"
EndProject
Project("{FAE04EC0-301F-11D3-BF4B-00C04F79EFBC}") = "CustomExtensionDemo.Portable", "CustomExtensionDemo\CustomExtensionDemo.Portable\CustomExtensionDemo.Portable.csproj", "{892ED3F8-2FAA-4C1E-BFA0-20E3FCF92E0A}"
EndProject
Project("{9A19103F-16F7-4668-BE54-9A1E7A4F7556}") = "CustomExtensionDemo.NetStandard", "CustomExtensionDemo\CustomExtensionDemo.NetStandard\CustomExtensionDemo.NetStandard.csproj", "{963EFCFA-5BC8-424E-8EE7-2641CAABB76D}"
EndProject
Project("{FAE04EC0-301F-11D3-BF4B-00C04F79EFBC}") = "Xamarin.FormsBook.Toolkit.Portable", "..\..\Libraries\Xamarin.FormsBook.Toolkit\Xamarin.FormsBook.Toolkit.Portable\Xamarin.FormsBook.Toolkit.Portable.csproj", "{17282E6A-F436-4DD4-AC0C-3287E6B96DF5}"
EndProject
Project("{9A19103F-16F7-4668-BE54-9A1E7A4F7556}") = "Xamarin.FormsBook.Toolkit.NetStandard", "..\..\Libraries\Xamarin.FormsBook.Toolkit\Xamarin.FormsBook.Toolkit.NetStandard\Xamarin.FormsBook.Toolkit.NetStandard.csproj", "{600852AE-823A-40D0-9FCA-97C15269BA74}"
EndProject
Global
	GlobalSection(SolutionConfigurationPlatforms) = preSolution
		Ad-Hoc|Any CPU = Ad-Hoc|Any CPU
		Ad-Hoc|ARM = Ad-Hoc|ARM
		Ad-Hoc|iPhone = Ad-Hoc|iPhone
		Ad-Hoc|iPhoneSimulator = Ad-Hoc|iPhoneSimulator
		Ad-Hoc|x64 = Ad-Hoc|x64
		Ad-Hoc|x86 = Ad-Hoc|x86
		AppStore|Any CPU = AppStore|Any CPU
		AppStore|ARM = AppStore|ARM
		AppStore|iPhone = AppStore|iPhone
		AppStore|iPhoneSimulator = AppStore|iPhoneSimulator
		AppStore|x64 = AppStore|x64
		AppStore|x86 = AppStore|x86
		Debug|Any CPU = Debug|Any CPU
		Debug|ARM = Debug|ARM
		Debug|iPhone = Debug|iPhone
		Debug|iPhoneSimulator = Debug|iPhoneSimulator
		Debug|x64 = Debug|x64
		Debug|x86 = Debug|x86
		Release|Any CPU = Release|Any CPU
		Release|ARM = Release|ARM
		Release|iPhone = Release|iPhone
		Release|iPhoneSimulator = Release|iPhoneSimulator
		Release|x64 = Release|x64
		Release|x86 = Release|x86
	EndGlobalSection
	GlobalSection(ProjectConfigurationPlatforms) = postSolution
		{70A04AFE-ECD4-4FA7-8F21-7A7D03F5D6ED}.Ad-Hoc|Any CPU.ActiveCfg = Ad-Hoc|iPhone
		{70A04AFE-ECD4-4FA7-8F21-7A7D03F5D6ED}.Ad-Hoc|ARM.ActiveCfg = Ad-Hoc|iPhone
		{70A04AFE-ECD4-4FA7-8F21-7A7D03F5D6ED}.Ad-Hoc|iPhone.ActiveCfg = Ad-Hoc|iPhone
		{70A04AFE-ECD4-4FA7-8F21-7A7D03F5D6ED}.Ad-Hoc|iPhone.Build.0 = Ad-Hoc|iPhone
		{70A04AFE-ECD4-4FA7-8F21-7A7D03F5D6ED}.Ad-Hoc|iPhoneSimulator.ActiveCfg = Ad-Hoc|iPhoneSimulator
		{70A04AFE-ECD4-4FA7-8F21-7A7D03F5D6ED}.Ad-Hoc|iPhoneSimulator.Build.0 = Ad-Hoc|iPhoneSimulator
		{70A04AFE-ECD4-4FA7-8F21-7A7D03F5D6ED}.Ad-Hoc|x64.ActiveCfg = Ad-Hoc|iPhoneSimulator
		{70A04AFE-ECD4-4FA7-8F21-7A7D03F5D6ED}.Ad-Hoc|x86.ActiveCfg = Ad-Hoc|iPhone
		{70A04AFE-ECD4-4FA7-8F21-7A7D03F5D6ED}.AppStore|Any CPU.ActiveCfg = AppStore|iPhone
		{70A04AFE-ECD4-4FA7-8F21-7A7D03F5D6ED}.AppStore|ARM.ActiveCfg = AppStore|iPhone
		{70A04AFE-ECD4-4FA7-8F21-7A7D03F5D6ED}.AppStore|iPhone.ActiveCfg = AppStore|iPhone
		{70A04AFE-ECD4-4FA7-8F21-7A7D03F5D6ED}.AppStore|iPhone.Build.0 = AppStore|iPhone
		{70A04AFE-ECD4-4FA7-8F21-7A7D03F5D6ED}.AppStore|iPhoneSimulator.ActiveCfg = AppStore|iPhoneSimulator
		{70A04AFE-ECD4-4FA7-8F21-7A7D03F5D6ED}.AppStore|iPhoneSimulator.Build.0 = AppStore|iPhoneSimulator
		{70A04AFE-ECD4-4FA7-8F21-7A7D03F5D6ED}.AppStore|x64.ActiveCfg = AppStore|iPhoneSimulator
		{70A04AFE-ECD4-4FA7-8F21-7A7D03F5D6ED}.AppStore|x86.ActiveCfg = AppStore|iPhone
		{70A04AFE-ECD4-4FA7-8F21-7A7D03F5D6ED}.Debug|Any CPU.ActiveCfg = Debug|iPhone
		{70A04AFE-ECD4-4FA7-8F21-7A7D03F5D6ED}.Debug|Any CPU.Build.0 = Debug|iPhone
		{70A04AFE-ECD4-4FA7-8F21-7A7D03F5D6ED}.Debug|ARM.ActiveCfg = Debug|iPhone
		{70A04AFE-ECD4-4FA7-8F21-7A7D03F5D6ED}.Debug|iPhone.ActiveCfg = Debug|iPhone
		{70A04AFE-ECD4-4FA7-8F21-7A7D03F5D6ED}.Debug|iPhone.Build.0 = Debug|iPhone
		{70A04AFE-ECD4-4FA7-8F21-7A7D03F5D6ED}.Debug|iPhoneSimulator.ActiveCfg = Debug|iPhoneSimulator
		{70A04AFE-ECD4-4FA7-8F21-7A7D03F5D6ED}.Debug|iPhoneSimulator.Build.0 = Debug|iPhoneSimulator
		{70A04AFE-ECD4-4FA7-8F21-7A7D03F5D6ED}.Debug|x64.ActiveCfg = Debug|iPhoneSimulator
		{70A04AFE-ECD4-4FA7-8F21-7A7D03F5D6ED}.Debug|x86.ActiveCfg = Debug|iPhone
		{70A04AFE-ECD4-4FA7-8F21-7A7D03F5D6ED}.Release|Any CPU.ActiveCfg = Release|iPhone
		{70A04AFE-ECD4-4FA7-8F21-7A7D03F5D6ED}.Release|ARM.ActiveCfg = Release|iPhone
		{70A04AFE-ECD4-4FA7-8F21-7A7D03F5D6ED}.Release|iPhone.ActiveCfg = Release|iPhone
		{70A04AFE-ECD4-4FA7-8F21-7A7D03F5D6ED}.Release|iPhone.Build.0 = Release|iPhone
		{70A04AFE-ECD4-4FA7-8F21-7A7D03F5D6ED}.Release|iPhoneSimulator.ActiveCfg = Release|iPhoneSimulator
		{70A04AFE-ECD4-4FA7-8F21-7A7D03F5D6ED}.Release|iPhoneSimulator.Build.0 = Release|iPhoneSimulator
		{70A04AFE-ECD4-4FA7-8F21-7A7D03F5D6ED}.Release|x64.ActiveCfg = Release|iPhoneSimulator
		{70A04AFE-ECD4-4FA7-8F21-7A7D03F5D6ED}.Release|x86.ActiveCfg = Release|iPhone
		{2C0B1951-474D-48A2-97B4-169EFF46E98B}.Ad-Hoc|Any CPU.ActiveCfg = Release|Any CPU
		{2C0B1951-474D-48A2-97B4-169EFF46E98B}.Ad-Hoc|Any CPU.Build.0 = Release|Any CPU
		{2C0B1951-474D-48A2-97B4-169EFF46E98B}.Ad-Hoc|Any CPU.Deploy.0 = Release|Any CPU
		{2C0B1951-474D-48A2-97B4-169EFF46E98B}.Ad-Hoc|ARM.ActiveCfg = Release|Any CPU
		{2C0B1951-474D-48A2-97B4-169EFF46E98B}.Ad-Hoc|ARM.Build.0 = Release|Any CPU
		{2C0B1951-474D-48A2-97B4-169EFF46E98B}.Ad-Hoc|ARM.Deploy.0 = Release|Any CPU
		{2C0B1951-474D-48A2-97B4-169EFF46E98B}.Ad-Hoc|iPhone.ActiveCfg = Release|Any CPU
		{2C0B1951-474D-48A2-97B4-169EFF46E98B}.Ad-Hoc|iPhone.Build.0 = Release|Any CPU
		{2C0B1951-474D-48A2-97B4-169EFF46E98B}.Ad-Hoc|iPhone.Deploy.0 = Release|Any CPU
		{2C0B1951-474D-48A2-97B4-169EFF46E98B}.Ad-Hoc|iPhoneSimulator.ActiveCfg = Release|Any CPU
		{2C0B1951-474D-48A2-97B4-169EFF46E98B}.Ad-Hoc|iPhoneSimulator.Build.0 = Release|Any CPU
		{2C0B1951-474D-48A2-97B4-169EFF46E98B}.Ad-Hoc|iPhoneSimulator.Deploy.0 = Release|Any CPU
		{2C0B1951-474D-48A2-97B4-169EFF46E98B}.Ad-Hoc|x64.ActiveCfg = Release|Any CPU
		{2C0B1951-474D-48A2-97B4-169EFF46E98B}.Ad-Hoc|x64.Build.0 = Release|Any CPU
		{2C0B1951-474D-48A2-97B4-169EFF46E98B}.Ad-Hoc|x64.Deploy.0 = Release|Any CPU
		{2C0B1951-474D-48A2-97B4-169EFF46E98B}.Ad-Hoc|x86.ActiveCfg = Release|Any CPU
		{2C0B1951-474D-48A2-97B4-169EFF46E98B}.Ad-Hoc|x86.Build.0 = Release|Any CPU
		{2C0B1951-474D-48A2-97B4-169EFF46E98B}.Ad-Hoc|x86.Deploy.0 = Release|Any CPU
		{2C0B1951-474D-48A2-97B4-169EFF46E98B}.AppStore|Any CPU.ActiveCfg = Release|Any CPU
		{2C0B1951-474D-48A2-97B4-169EFF46E98B}.AppStore|Any CPU.Build.0 = Release|Any CPU
		{2C0B1951-474D-48A2-97B4-169EFF46E98B}.AppStore|Any CPU.Deploy.0 = Release|Any CPU
		{2C0B1951-474D-48A2-97B4-169EFF46E98B}.AppStore|ARM.ActiveCfg = Release|Any CPU
		{2C0B1951-474D-48A2-97B4-169EFF46E98B}.AppStore|ARM.Build.0 = Release|Any CPU
		{2C0B1951-474D-48A2-97B4-169EFF46E98B}.AppStore|ARM.Deploy.0 = Release|Any CPU
		{2C0B1951-474D-48A2-97B4-169EFF46E98B}.AppStore|iPhone.ActiveCfg = Release|Any CPU
		{2C0B1951-474D-48A2-97B4-169EFF46E98B}.AppStore|iPhone.Build.0 = Release|Any CPU
		{2C0B1951-474D-48A2-97B4-169EFF46E98B}.AppStore|iPhone.Deploy.0 = Release|Any CPU
		{2C0B1951-474D-48A2-97B4-169EFF46E98B}.AppStore|iPhoneSimulator.ActiveCfg = Release|Any CPU
		{2C0B1951-474D-48A2-97B4-169EFF46E98B}.AppStore|iPhoneSimulator.Build.0 = Release|Any CPU
		{2C0B1951-474D-48A2-97B4-169EFF46E98B}.AppStore|iPhoneSimulator.Deploy.0 = Release|Any CPU
		{2C0B1951-474D-48A2-97B4-169EFF46E98B}.AppStore|x64.ActiveCfg = Release|Any CPU
		{2C0B1951-474D-48A2-97B4-169EFF46E98B}.AppStore|x64.Build.0 = Release|Any CPU
		{2C0B1951-474D-48A2-97B4-169EFF46E98B}.AppStore|x64.Deploy.0 = Release|Any CPU
		{2C0B1951-474D-48A2-97B4-169EFF46E98B}.AppStore|x86.ActiveCfg = Release|Any CPU
		{2C0B1951-474D-48A2-97B4-169EFF46E98B}.AppStore|x86.Build.0 = Release|Any CPU
		{2C0B1951-474D-48A2-97B4-169EFF46E98B}.AppStore|x86.Deploy.0 = Release|Any CPU
		{2C0B1951-474D-48A2-97B4-169EFF46E98B}.Debug|Any CPU.ActiveCfg = Debug|Any CPU
		{2C0B1951-474D-48A2-97B4-169EFF46E98B}.Debug|Any CPU.Build.0 = Debug|Any CPU
		{2C0B1951-474D-48A2-97B4-169EFF46E98B}.Debug|Any CPU.Deploy.0 = Debug|Any CPU
		{2C0B1951-474D-48A2-97B4-169EFF46E98B}.Debug|ARM.ActiveCfg = Debug|Any CPU
		{2C0B1951-474D-48A2-97B4-169EFF46E98B}.Debug|ARM.Build.0 = Debug|Any CPU
		{2C0B1951-474D-48A2-97B4-169EFF46E98B}.Debug|ARM.Deploy.0 = Debug|Any CPU
		{2C0B1951-474D-48A2-97B4-169EFF46E98B}.Debug|iPhone.ActiveCfg = Debug|Any CPU
		{2C0B1951-474D-48A2-97B4-169EFF46E98B}.Debug|iPhone.Build.0 = Debug|Any CPU
		{2C0B1951-474D-48A2-97B4-169EFF46E98B}.Debug|iPhone.Deploy.0 = Debug|Any CPU
		{2C0B1951-474D-48A2-97B4-169EFF46E98B}.Debug|iPhoneSimulator.ActiveCfg = Debug|Any CPU
		{2C0B1951-474D-48A2-97B4-169EFF46E98B}.Debug|iPhoneSimulator.Build.0 = Debug|Any CPU
		{2C0B1951-474D-48A2-97B4-169EFF46E98B}.Debug|iPhoneSimulator.Deploy.0 = Debug|Any CPU
		{2C0B1951-474D-48A2-97B4-169EFF46E98B}.Debug|x64.ActiveCfg = Debug|Any CPU
		{2C0B1951-474D-48A2-97B4-169EFF46E98B}.Debug|x64.Build.0 = Debug|Any CPU
		{2C0B1951-474D-48A2-97B4-169EFF46E98B}.Debug|x64.Deploy.0 = Debug|Any CPU
		{2C0B1951-474D-48A2-97B4-169EFF46E98B}.Debug|x86.ActiveCfg = Debug|Any CPU
		{2C0B1951-474D-48A2-97B4-169EFF46E98B}.Debug|x86.Build.0 = Debug|Any CPU
		{2C0B1951-474D-48A2-97B4-169EFF46E98B}.Debug|x86.Deploy.0 = Debug|Any CPU
		{2C0B1951-474D-48A2-97B4-169EFF46E98B}.Release|Any CPU.ActiveCfg = Release|Any CPU
		{2C0B1951-474D-48A2-97B4-169EFF46E98B}.Release|Any CPU.Build.0 = Release|Any CPU
		{2C0B1951-474D-48A2-97B4-169EFF46E98B}.Release|Any CPU.Deploy.0 = Release|Any CPU
		{2C0B1951-474D-48A2-97B4-169EFF46E98B}.Release|ARM.ActiveCfg = Release|Any CPU
		{2C0B1951-474D-48A2-97B4-169EFF46E98B}.Release|ARM.Build.0 = Release|Any CPU
		{2C0B1951-474D-48A2-97B4-169EFF46E98B}.Release|ARM.Deploy.0 = Release|Any CPU
		{2C0B1951-474D-48A2-97B4-169EFF46E98B}.Release|iPhone.ActiveCfg = Release|Any CPU
		{2C0B1951-474D-48A2-97B4-169EFF46E98B}.Release|iPhone.Build.0 = Release|Any CPU
		{2C0B1951-474D-48A2-97B4-169EFF46E98B}.Release|iPhone.Deploy.0 = Release|Any CPU
		{2C0B1951-474D-48A2-97B4-169EFF46E98B}.Release|iPhoneSimulator.ActiveCfg = Release|Any CPU
		{2C0B1951-474D-48A2-97B4-169EFF46E98B}.Release|iPhoneSimulator.Build.0 = Release|Any CPU
		{2C0B1951-474D-48A2-97B4-169EFF46E98B}.Release|iPhoneSimulator.Deploy.0 = Release|Any CPU
		{2C0B1951-474D-48A2-97B4-169EFF46E98B}.Release|x64.ActiveCfg = Release|Any CPU
		{2C0B1951-474D-48A2-97B4-169EFF46E98B}.Release|x64.Build.0 = Release|Any CPU
		{2C0B1951-474D-48A2-97B4-169EFF46E98B}.Release|x64.Deploy.0 = Release|Any CPU
		{2C0B1951-474D-48A2-97B4-169EFF46E98B}.Release|x86.ActiveCfg = Release|Any CPU
		{2C0B1951-474D-48A2-97B4-169EFF46E98B}.Release|x86.Build.0 = Release|Any CPU
		{2C0B1951-474D-48A2-97B4-169EFF46E98B}.Release|x86.Deploy.0 = Release|Any CPU
		{A27AE788-0CAA-4A87-B0EF-0481C06C2237}.Ad-Hoc|Any CPU.ActiveCfg = Release|x86
		{A27AE788-0CAA-4A87-B0EF-0481C06C2237}.Ad-Hoc|Any CPU.Build.0 = Release|x86
		{A27AE788-0CAA-4A87-B0EF-0481C06C2237}.Ad-Hoc|Any CPU.Deploy.0 = Release|x86
		{A27AE788-0CAA-4A87-B0EF-0481C06C2237}.Ad-Hoc|ARM.ActiveCfg = Release|ARM
		{A27AE788-0CAA-4A87-B0EF-0481C06C2237}.Ad-Hoc|ARM.Build.0 = Release|ARM
		{A27AE788-0CAA-4A87-B0EF-0481C06C2237}.Ad-Hoc|ARM.Deploy.0 = Release|ARM
		{A27AE788-0CAA-4A87-B0EF-0481C06C2237}.Ad-Hoc|iPhone.ActiveCfg = Release|x86
		{A27AE788-0CAA-4A87-B0EF-0481C06C2237}.Ad-Hoc|iPhone.Build.0 = Release|x86
		{A27AE788-0CAA-4A87-B0EF-0481C06C2237}.Ad-Hoc|iPhone.Deploy.0 = Release|x86
		{A27AE788-0CAA-4A87-B0EF-0481C06C2237}.Ad-Hoc|iPhoneSimulator.ActiveCfg = Release|x86
		{A27AE788-0CAA-4A87-B0EF-0481C06C2237}.Ad-Hoc|iPhoneSimulator.Build.0 = Release|x86
		{A27AE788-0CAA-4A87-B0EF-0481C06C2237}.Ad-Hoc|iPhoneSimulator.Deploy.0 = Release|x86
		{A27AE788-0CAA-4A87-B0EF-0481C06C2237}.Ad-Hoc|x64.ActiveCfg = Release|x64
		{A27AE788-0CAA-4A87-B0EF-0481C06C2237}.Ad-Hoc|x64.Build.0 = Release|x64
		{A27AE788-0CAA-4A87-B0EF-0481C06C2237}.Ad-Hoc|x64.Deploy.0 = Release|x64
		{A27AE788-0CAA-4A87-B0EF-0481C06C2237}.Ad-Hoc|x86.ActiveCfg = Release|x86
		{A27AE788-0CAA-4A87-B0EF-0481C06C2237}.Ad-Hoc|x86.Build.0 = Release|x86
		{A27AE788-0CAA-4A87-B0EF-0481C06C2237}.Ad-Hoc|x86.Deploy.0 = Release|x86
		{A27AE788-0CAA-4A87-B0EF-0481C06C2237}.AppStore|Any CPU.ActiveCfg = Release|x86
		{A27AE788-0CAA-4A87-B0EF-0481C06C2237}.AppStore|Any CPU.Build.0 = Release|x86
		{A27AE788-0CAA-4A87-B0EF-0481C06C2237}.AppStore|Any CPU.Deploy.0 = Release|x86
		{A27AE788-0CAA-4A87-B0EF-0481C06C2237}.AppStore|ARM.ActiveCfg = Release|ARM
		{A27AE788-0CAA-4A87-B0EF-0481C06C2237}.AppStore|ARM.Build.0 = Release|ARM
		{A27AE788-0CAA-4A87-B0EF-0481C06C2237}.AppStore|ARM.Deploy.0 = Release|ARM
		{A27AE788-0CAA-4A87-B0EF-0481C06C2237}.AppStore|iPhone.ActiveCfg = Release|x86
		{A27AE788-0CAA-4A87-B0EF-0481C06C2237}.AppStore|iPhone.Build.0 = Release|x86
		{A27AE788-0CAA-4A87-B0EF-0481C06C2237}.AppStore|iPhone.Deploy.0 = Release|x86
		{A27AE788-0CAA-4A87-B0EF-0481C06C2237}.AppStore|iPhoneSimulator.ActiveCfg = Release|x86
		{A27AE788-0CAA-4A87-B0EF-0481C06C2237}.AppStore|iPhoneSimulator.Build.0 = Release|x86
		{A27AE788-0CAA-4A87-B0EF-0481C06C2237}.AppStore|iPhoneSimulator.Deploy.0 = Release|x86
		{A27AE788-0CAA-4A87-B0EF-0481C06C2237}.AppStore|x64.ActiveCfg = Release|x64
		{A27AE788-0CAA-4A87-B0EF-0481C06C2237}.AppStore|x64.Build.0 = Release|x64
		{A27AE788-0CAA-4A87-B0EF-0481C06C2237}.AppStore|x64.Deploy.0 = Release|x64
		{A27AE788-0CAA-4A87-B0EF-0481C06C2237}.AppStore|x86.ActiveCfg = Release|x86
		{A27AE788-0CAA-4A87-B0EF-0481C06C2237}.AppStore|x86.Build.0 = Release|x86
		{A27AE788-0CAA-4A87-B0EF-0481C06C2237}.AppStore|x86.Deploy.0 = Release|x86
		{A27AE788-0CAA-4A87-B0EF-0481C06C2237}.Debug|Any CPU.ActiveCfg = Debug|x86
		{A27AE788-0CAA-4A87-B0EF-0481C06C2237}.Debug|Any CPU.Build.0 = Debug|x86
		{A27AE788-0CAA-4A87-B0EF-0481C06C2237}.Debug|Any CPU.Deploy.0 = Debug|x86
		{A27AE788-0CAA-4A87-B0EF-0481C06C2237}.Debug|ARM.ActiveCfg = Debug|ARM
		{A27AE788-0CAA-4A87-B0EF-0481C06C2237}.Debug|ARM.Build.0 = Debug|ARM
		{A27AE788-0CAA-4A87-B0EF-0481C06C2237}.Debug|ARM.Deploy.0 = Debug|ARM
		{A27AE788-0CAA-4A87-B0EF-0481C06C2237}.Debug|iPhone.ActiveCfg = Debug|x86
		{A27AE788-0CAA-4A87-B0EF-0481C06C2237}.Debug|iPhone.Build.0 = Debug|x86
		{A27AE788-0CAA-4A87-B0EF-0481C06C2237}.Debug|iPhone.Deploy.0 = Debug|x86
		{A27AE788-0CAA-4A87-B0EF-0481C06C2237}.Debug|iPhoneSimulator.ActiveCfg = Debug|x86
		{A27AE788-0CAA-4A87-B0EF-0481C06C2237}.Debug|iPhoneSimulator.Build.0 = Debug|x86
		{A27AE788-0CAA-4A87-B0EF-0481C06C2237}.Debug|iPhoneSimulator.Deploy.0 = Debug|x86
		{A27AE788-0CAA-4A87-B0EF-0481C06C2237}.Debug|x64.ActiveCfg = Debug|x64
		{A27AE788-0CAA-4A87-B0EF-0481C06C2237}.Debug|x64.Build.0 = Debug|x64
		{A27AE788-0CAA-4A87-B0EF-0481C06C2237}.Debug|x64.Deploy.0 = Debug|x64
		{A27AE788-0CAA-4A87-B0EF-0481C06C2237}.Debug|x86.ActiveCfg = Debug|x86
		{A27AE788-0CAA-4A87-B0EF-0481C06C2237}.Debug|x86.Build.0 = Debug|x86
		{A27AE788-0CAA-4A87-B0EF-0481C06C2237}.Debug|x86.Deploy.0 = Debug|x86
		{A27AE788-0CAA-4A87-B0EF-0481C06C2237}.Release|Any CPU.ActiveCfg = Release|x86
		{A27AE788-0CAA-4A87-B0EF-0481C06C2237}.Release|Any CPU.Build.0 = Release|x86
		{A27AE788-0CAA-4A87-B0EF-0481C06C2237}.Release|Any CPU.Deploy.0 = Release|x86
		{A27AE788-0CAA-4A87-B0EF-0481C06C2237}.Release|ARM.ActiveCfg = Release|ARM
		{A27AE788-0CAA-4A87-B0EF-0481C06C2237}.Release|ARM.Build.0 = Release|ARM
		{A27AE788-0CAA-4A87-B0EF-0481C06C2237}.Release|ARM.Deploy.0 = Release|ARM
		{A27AE788-0CAA-4A87-B0EF-0481C06C2237}.Release|iPhone.ActiveCfg = Release|x86
		{A27AE788-0CAA-4A87-B0EF-0481C06C2237}.Release|iPhone.Build.0 = Release|x86
		{A27AE788-0CAA-4A87-B0EF-0481C06C2237}.Release|iPhone.Deploy.0 = Release|x86
		{A27AE788-0CAA-4A87-B0EF-0481C06C2237}.Release|iPhoneSimulator.ActiveCfg = Release|x86
		{A27AE788-0CAA-4A87-B0EF-0481C06C2237}.Release|iPhoneSimulator.Build.0 = Release|x86
		{A27AE788-0CAA-4A87-B0EF-0481C06C2237}.Release|iPhoneSimulator.Deploy.0 = Release|x86
		{A27AE788-0CAA-4A87-B0EF-0481C06C2237}.Release|x64.ActiveCfg = Release|x64
		{A27AE788-0CAA-4A87-B0EF-0481C06C2237}.Release|x64.Build.0 = Release|x64
		{A27AE788-0CAA-4A87-B0EF-0481C06C2237}.Release|x64.Deploy.0 = Release|x64
		{A27AE788-0CAA-4A87-B0EF-0481C06C2237}.Release|x86.ActiveCfg = Release|x86
		{A27AE788-0CAA-4A87-B0EF-0481C06C2237}.Release|x86.Build.0 = Release|x86
		{A27AE788-0CAA-4A87-B0EF-0481C06C2237}.Release|x86.Deploy.0 = Release|x86
		{892ED3F8-2FAA-4C1E-BFA0-20E3FCF92E0A}.Ad-Hoc|Any CPU.ActiveCfg = Release|Any CPU
		{892ED3F8-2FAA-4C1E-BFA0-20E3FCF92E0A}.Ad-Hoc|Any CPU.Build.0 = Release|Any CPU
		{892ED3F8-2FAA-4C1E-BFA0-20E3FCF92E0A}.Ad-Hoc|ARM.ActiveCfg = Release|Any CPU
		{892ED3F8-2FAA-4C1E-BFA0-20E3FCF92E0A}.Ad-Hoc|ARM.Build.0 = Release|Any CPU
		{892ED3F8-2FAA-4C1E-BFA0-20E3FCF92E0A}.Ad-Hoc|iPhone.ActiveCfg = Release|Any CPU
		{892ED3F8-2FAA-4C1E-BFA0-20E3FCF92E0A}.Ad-Hoc|iPhone.Build.0 = Release|Any CPU
		{892ED3F8-2FAA-4C1E-BFA0-20E3FCF92E0A}.Ad-Hoc|iPhoneSimulator.ActiveCfg = Release|Any CPU
		{892ED3F8-2FAA-4C1E-BFA0-20E3FCF92E0A}.Ad-Hoc|iPhoneSimulator.Build.0 = Release|Any CPU
		{892ED3F8-2FAA-4C1E-BFA0-20E3FCF92E0A}.Ad-Hoc|x64.ActiveCfg = Release|Any CPU
		{892ED3F8-2FAA-4C1E-BFA0-20E3FCF92E0A}.Ad-Hoc|x64.Build.0 = Release|Any CPU
		{892ED3F8-2FAA-4C1E-BFA0-20E3FCF92E0A}.Ad-Hoc|x86.ActiveCfg = Release|Any CPU
		{892ED3F8-2FAA-4C1E-BFA0-20E3FCF92E0A}.Ad-Hoc|x86.Build.0 = Release|Any CPU
		{892ED3F8-2FAA-4C1E-BFA0-20E3FCF92E0A}.AppStore|Any CPU.ActiveCfg = Release|Any CPU
		{892ED3F8-2FAA-4C1E-BFA0-20E3FCF92E0A}.AppStore|Any CPU.Build.0 = Release|Any CPU
		{892ED3F8-2FAA-4C1E-BFA0-20E3FCF92E0A}.AppStore|ARM.ActiveCfg = Release|Any CPU
		{892ED3F8-2FAA-4C1E-BFA0-20E3FCF92E0A}.AppStore|ARM.Build.0 = Release|Any CPU
		{892ED3F8-2FAA-4C1E-BFA0-20E3FCF92E0A}.AppStore|iPhone.ActiveCfg = Release|Any CPU
		{892ED3F8-2FAA-4C1E-BFA0-20E3FCF92E0A}.AppStore|iPhone.Build.0 = Release|Any CPU
		{892ED3F8-2FAA-4C1E-BFA0-20E3FCF92E0A}.AppStore|iPhoneSimulator.ActiveCfg = Release|Any CPU
		{892ED3F8-2FAA-4C1E-BFA0-20E3FCF92E0A}.AppStore|iPhoneSimulator.Build.0 = Release|Any CPU
		{892ED3F8-2FAA-4C1E-BFA0-20E3FCF92E0A}.AppStore|x64.ActiveCfg = Release|Any CPU
		{892ED3F8-2FAA-4C1E-BFA0-20E3FCF92E0A}.AppStore|x64.Build.0 = Release|Any CPU
		{892ED3F8-2FAA-4C1E-BFA0-20E3FCF92E0A}.AppStore|x86.ActiveCfg = Release|Any CPU
		{892ED3F8-2FAA-4C1E-BFA0-20E3FCF92E0A}.AppStore|x86.Build.0 = Release|Any CPU
		{892ED3F8-2FAA-4C1E-BFA0-20E3FCF92E0A}.Debug|Any CPU.ActiveCfg = Debug|Any CPU
		{892ED3F8-2FAA-4C1E-BFA0-20E3FCF92E0A}.Debug|Any CPU.Build.0 = Debug|Any CPU
		{892ED3F8-2FAA-4C1E-BFA0-20E3FCF92E0A}.Debug|ARM.ActiveCfg = Debug|Any CPU
		{892ED3F8-2FAA-4C1E-BFA0-20E3FCF92E0A}.Debug|ARM.Build.0 = Debug|Any CPU
		{892ED3F8-2FAA-4C1E-BFA0-20E3FCF92E0A}.Debug|iPhone.ActiveCfg = Debug|Any CPU
		{892ED3F8-2FAA-4C1E-BFA0-20E3FCF92E0A}.Debug|iPhone.Build.0 = Debug|Any CPU
		{892ED3F8-2FAA-4C1E-BFA0-20E3FCF92E0A}.Debug|iPhoneSimulator.ActiveCfg = Debug|Any CPU
		{892ED3F8-2FAA-4C1E-BFA0-20E3FCF92E0A}.Debug|iPhoneSimulator.Build.0 = Debug|Any CPU
		{892ED3F8-2FAA-4C1E-BFA0-20E3FCF92E0A}.Debug|x64.ActiveCfg = Debug|Any CPU
		{892ED3F8-2FAA-4C1E-BFA0-20E3FCF92E0A}.Debug|x64.Build.0 = Debug|Any CPU
		{892ED3F8-2FAA-4C1E-BFA0-20E3FCF92E0A}.Debug|x86.ActiveCfg = Debug|Any CPU
		{892ED3F8-2FAA-4C1E-BFA0-20E3FCF92E0A}.Debug|x86.Build.0 = Debug|Any CPU
		{892ED3F8-2FAA-4C1E-BFA0-20E3FCF92E0A}.Release|Any CPU.ActiveCfg = Release|Any CPU
		{892ED3F8-2FAA-4C1E-BFA0-20E3FCF92E0A}.Release|Any CPU.Build.0 = Release|Any CPU
		{892ED3F8-2FAA-4C1E-BFA0-20E3FCF92E0A}.Release|ARM.ActiveCfg = Release|Any CPU
		{892ED3F8-2FAA-4C1E-BFA0-20E3FCF92E0A}.Release|ARM.Build.0 = Release|Any CPU
		{892ED3F8-2FAA-4C1E-BFA0-20E3FCF92E0A}.Release|iPhone.ActiveCfg = Release|Any CPU
		{892ED3F8-2FAA-4C1E-BFA0-20E3FCF92E0A}.Release|iPhone.Build.0 = Release|Any CPU
		{892ED3F8-2FAA-4C1E-BFA0-20E3FCF92E0A}.Release|iPhoneSimulator.ActiveCfg = Release|Any CPU
		{892ED3F8-2FAA-4C1E-BFA0-20E3FCF92E0A}.Release|iPhoneSimulator.Build.0 = Release|Any CPU
		{892ED3F8-2FAA-4C1E-BFA0-20E3FCF92E0A}.Release|x64.ActiveCfg = Release|Any CPU
		{892ED3F8-2FAA-4C1E-BFA0-20E3FCF92E0A}.Release|x64.Build.0 = Release|Any CPU
		{892ED3F8-2FAA-4C1E-BFA0-20E3FCF92E0A}.Release|x86.ActiveCfg = Release|Any CPU
		{892ED3F8-2FAA-4C1E-BFA0-20E3FCF92E0A}.Release|x86.Build.0 = Release|Any CPU
		{963EFCFA-5BC8-424E-8EE7-2641CAABB76D}.Ad-Hoc|Any CPU.ActiveCfg = Debug|Any CPU
		{963EFCFA-5BC8-424E-8EE7-2641CAABB76D}.Ad-Hoc|Any CPU.Build.0 = Debug|Any CPU
		{963EFCFA-5BC8-424E-8EE7-2641CAABB76D}.Ad-Hoc|ARM.ActiveCfg = Debug|Any CPU
		{963EFCFA-5BC8-424E-8EE7-2641CAABB76D}.Ad-Hoc|ARM.Build.0 = Debug|Any CPU
		{963EFCFA-5BC8-424E-8EE7-2641CAABB76D}.Ad-Hoc|iPhone.ActiveCfg = Debug|Any CPU
		{963EFCFA-5BC8-424E-8EE7-2641CAABB76D}.Ad-Hoc|iPhone.Build.0 = Debug|Any CPU
		{963EFCFA-5BC8-424E-8EE7-2641CAABB76D}.Ad-Hoc|iPhoneSimulator.ActiveCfg = Debug|Any CPU
		{963EFCFA-5BC8-424E-8EE7-2641CAABB76D}.Ad-Hoc|iPhoneSimulator.Build.0 = Debug|Any CPU
		{963EFCFA-5BC8-424E-8EE7-2641CAABB76D}.Ad-Hoc|x64.ActiveCfg = Debug|Any CPU
		{963EFCFA-5BC8-424E-8EE7-2641CAABB76D}.Ad-Hoc|x64.Build.0 = Debug|Any CPU
		{963EFCFA-5BC8-424E-8EE7-2641CAABB76D}.Ad-Hoc|x86.ActiveCfg = Debug|Any CPU
		{963EFCFA-5BC8-424E-8EE7-2641CAABB76D}.Ad-Hoc|x86.Build.0 = Debug|Any CPU
		{963EFCFA-5BC8-424E-8EE7-2641CAABB76D}.AppStore|Any CPU.ActiveCfg = Debug|Any CPU
		{963EFCFA-5BC8-424E-8EE7-2641CAABB76D}.AppStore|Any CPU.Build.0 = Debug|Any CPU
		{963EFCFA-5BC8-424E-8EE7-2641CAABB76D}.AppStore|ARM.ActiveCfg = Debug|Any CPU
		{963EFCFA-5BC8-424E-8EE7-2641CAABB76D}.AppStore|ARM.Build.0 = Debug|Any CPU
		{963EFCFA-5BC8-424E-8EE7-2641CAABB76D}.AppStore|iPhone.ActiveCfg = Debug|Any CPU
		{963EFCFA-5BC8-424E-8EE7-2641CAABB76D}.AppStore|iPhone.Build.0 = Debug|Any CPU
		{963EFCFA-5BC8-424E-8EE7-2641CAABB76D}.AppStore|iPhoneSimulator.ActiveCfg = Debug|Any CPU
		{963EFCFA-5BC8-424E-8EE7-2641CAABB76D}.AppStore|iPhoneSimulator.Build.0 = Debug|Any CPU
		{963EFCFA-5BC8-424E-8EE7-2641CAABB76D}.AppStore|x64.ActiveCfg = Debug|Any CPU
		{963EFCFA-5BC8-424E-8EE7-2641CAABB76D}.AppStore|x64.Build.0 = Debug|Any CPU
		{963EFCFA-5BC8-424E-8EE7-2641CAABB76D}.AppStore|x86.ActiveCfg = Debug|Any CPU
		{963EFCFA-5BC8-424E-8EE7-2641CAABB76D}.AppStore|x86.Build.0 = Debug|Any CPU
		{963EFCFA-5BC8-424E-8EE7-2641CAABB76D}.Debug|Any CPU.ActiveCfg = Debug|Any CPU
		{963EFCFA-5BC8-424E-8EE7-2641CAABB76D}.Debug|Any CPU.Build.0 = Debug|Any CPU
		{963EFCFA-5BC8-424E-8EE7-2641CAABB76D}.Debug|ARM.ActiveCfg = Debug|Any CPU
		{963EFCFA-5BC8-424E-8EE7-2641CAABB76D}.Debug|ARM.Build.0 = Debug|Any CPU
		{963EFCFA-5BC8-424E-8EE7-2641CAABB76D}.Debug|iPhone.ActiveCfg = Debug|Any CPU
		{963EFCFA-5BC8-424E-8EE7-2641CAABB76D}.Debug|iPhone.Build.0 = Debug|Any CPU
		{963EFCFA-5BC8-424E-8EE7-2641CAABB76D}.Debug|iPhoneSimulator.ActiveCfg = Debug|Any CPU
		{963EFCFA-5BC8-424E-8EE7-2641CAABB76D}.Debug|iPhoneSimulator.Build.0 = Debug|Any CPU
		{963EFCFA-5BC8-424E-8EE7-2641CAABB76D}.Debug|x64.ActiveCfg = Debug|Any CPU
		{963EFCFA-5BC8-424E-8EE7-2641CAABB76D}.Debug|x64.Build.0 = Debug|Any CPU
		{963EFCFA-5BC8-424E-8EE7-2641CAABB76D}.Debug|x86.ActiveCfg = Debug|Any CPU
		{963EFCFA-5BC8-424E-8EE7-2641CAABB76D}.Debug|x86.Build.0 = Debug|Any CPU
		{963EFCFA-5BC8-424E-8EE7-2641CAABB76D}.Release|Any CPU.ActiveCfg = Release|Any CPU
		{963EFCFA-5BC8-424E-8EE7-2641CAABB76D}.Release|Any CPU.Build.0 = Release|Any CPU
		{963EFCFA-5BC8-424E-8EE7-2641CAABB76D}.Release|ARM.ActiveCfg = Release|Any CPU
		{963EFCFA-5BC8-424E-8EE7-2641CAABB76D}.Release|ARM.Build.0 = Release|Any CPU
		{963EFCFA-5BC8-424E-8EE7-2641CAABB76D}.Release|iPhone.ActiveCfg = Release|Any CPU
		{963EFCFA-5BC8-424E-8EE7-2641CAABB76D}.Release|iPhone.Build.0 = Release|Any CPU
		{963EFCFA-5BC8-424E-8EE7-2641CAABB76D}.Release|iPhoneSimulator.ActiveCfg = Release|Any CPU
		{963EFCFA-5BC8-424E-8EE7-2641CAABB76D}.Release|iPhoneSimulator.Build.0 = Release|Any CPU
		{963EFCFA-5BC8-424E-8EE7-2641CAABB76D}.Release|x64.ActiveCfg = Release|Any CPU
		{963EFCFA-5BC8-424E-8EE7-2641CAABB76D}.Release|x64.Build.0 = Release|Any CPU
		{963EFCFA-5BC8-424E-8EE7-2641CAABB76D}.Release|x86.ActiveCfg = Release|Any CPU
		{963EFCFA-5BC8-424E-8EE7-2641CAABB76D}.Release|x86.Build.0 = Release|Any CPU
		{17282E6A-F436-4DD4-AC0C-3287E6B96DF5}.Ad-Hoc|Any CPU.ActiveCfg = Release|Any CPU
		{17282E6A-F436-4DD4-AC0C-3287E6B96DF5}.Ad-Hoc|Any CPU.Build.0 = Release|Any CPU
		{17282E6A-F436-4DD4-AC0C-3287E6B96DF5}.Ad-Hoc|ARM.ActiveCfg = Release|Any CPU
		{17282E6A-F436-4DD4-AC0C-3287E6B96DF5}.Ad-Hoc|ARM.Build.0 = Release|Any CPU
		{17282E6A-F436-4DD4-AC0C-3287E6B96DF5}.Ad-Hoc|iPhone.ActiveCfg = Release|Any CPU
		{17282E6A-F436-4DD4-AC0C-3287E6B96DF5}.Ad-Hoc|iPhone.Build.0 = Release|Any CPU
		{17282E6A-F436-4DD4-AC0C-3287E6B96DF5}.Ad-Hoc|iPhoneSimulator.ActiveCfg = Release|Any CPU
		{17282E6A-F436-4DD4-AC0C-3287E6B96DF5}.Ad-Hoc|iPhoneSimulator.Build.0 = Release|Any CPU
		{17282E6A-F436-4DD4-AC0C-3287E6B96DF5}.Ad-Hoc|x64.ActiveCfg = Release|Any CPU
		{17282E6A-F436-4DD4-AC0C-3287E6B96DF5}.Ad-Hoc|x64.Build.0 = Release|Any CPU
		{17282E6A-F436-4DD4-AC0C-3287E6B96DF5}.Ad-Hoc|x86.ActiveCfg = Release|Any CPU
		{17282E6A-F436-4DD4-AC0C-3287E6B96DF5}.Ad-Hoc|x86.Build.0 = Release|Any CPU
		{17282E6A-F436-4DD4-AC0C-3287E6B96DF5}.AppStore|Any CPU.ActiveCfg = Release|Any CPU
		{17282E6A-F436-4DD4-AC0C-3287E6B96DF5}.AppStore|Any CPU.Build.0 = Release|Any CPU
		{17282E6A-F436-4DD4-AC0C-3287E6B96DF5}.AppStore|ARM.ActiveCfg = Release|Any CPU
		{17282E6A-F436-4DD4-AC0C-3287E6B96DF5}.AppStore|ARM.Build.0 = Release|Any CPU
		{17282E6A-F436-4DD4-AC0C-3287E6B96DF5}.AppStore|iPhone.ActiveCfg = Release|Any CPU
		{17282E6A-F436-4DD4-AC0C-3287E6B96DF5}.AppStore|iPhone.Build.0 = Release|Any CPU
		{17282E6A-F436-4DD4-AC0C-3287E6B96DF5}.AppStore|iPhoneSimulator.ActiveCfg = Release|Any CPU
		{17282E6A-F436-4DD4-AC0C-3287E6B96DF5}.AppStore|iPhoneSimulator.Build.0 = Release|Any CPU
		{17282E6A-F436-4DD4-AC0C-3287E6B96DF5}.AppStore|x64.ActiveCfg = Release|Any CPU
		{17282E6A-F436-4DD4-AC0C-3287E6B96DF5}.AppStore|x64.Build.0 = Release|Any CPU
		{17282E6A-F436-4DD4-AC0C-3287E6B96DF5}.AppStore|x86.ActiveCfg = Release|Any CPU
		{17282E6A-F436-4DD4-AC0C-3287E6B96DF5}.AppStore|x86.Build.0 = Release|Any CPU
		{17282E6A-F436-4DD4-AC0C-3287E6B96DF5}.Debug|Any CPU.ActiveCfg = Debug|Any CPU
		{17282E6A-F436-4DD4-AC0C-3287E6B96DF5}.Debug|Any CPU.Build.0 = Debug|Any CPU
		{17282E6A-F436-4DD4-AC0C-3287E6B96DF5}.Debug|ARM.ActiveCfg = Debug|Any CPU
		{17282E6A-F436-4DD4-AC0C-3287E6B96DF5}.Debug|ARM.Build.0 = Debug|Any CPU
		{17282E6A-F436-4DD4-AC0C-3287E6B96DF5}.Debug|iPhone.ActiveCfg = Debug|Any CPU
		{17282E6A-F436-4DD4-AC0C-3287E6B96DF5}.Debug|iPhone.Build.0 = Debug|Any CPU
		{17282E6A-F436-4DD4-AC0C-3287E6B96DF5}.Debug|iPhoneSimulator.ActiveCfg = Debug|Any CPU
		{17282E6A-F436-4DD4-AC0C-3287E6B96DF5}.Debug|iPhoneSimulator.Build.0 = Debug|Any CPU
		{17282E6A-F436-4DD4-AC0C-3287E6B96DF5}.Debug|x64.ActiveCfg = Debug|Any CPU
		{17282E6A-F436-4DD4-AC0C-3287E6B96DF5}.Debug|x64.Build.0 = Debug|Any CPU
		{17282E6A-F436-4DD4-AC0C-3287E6B96DF5}.Debug|x86.ActiveCfg = Debug|Any CPU
		{17282E6A-F436-4DD4-AC0C-3287E6B96DF5}.Debug|x86.Build.0 = Debug|Any CPU
		{17282E6A-F436-4DD4-AC0C-3287E6B96DF5}.Release|Any CPU.ActiveCfg = Release|Any CPU
		{17282E6A-F436-4DD4-AC0C-3287E6B96DF5}.Release|Any CPU.Build.0 = Release|Any CPU
		{17282E6A-F436-4DD4-AC0C-3287E6B96DF5}.Release|ARM.ActiveCfg = Release|Any CPU
		{17282E6A-F436-4DD4-AC0C-3287E6B96DF5}.Release|ARM.Build.0 = Release|Any CPU
		{17282E6A-F436-4DD4-AC0C-3287E6B96DF5}.Release|iPhone.ActiveCfg = Release|Any CPU
		{17282E6A-F436-4DD4-AC0C-3287E6B96DF5}.Release|iPhone.Build.0 = Release|Any CPU
		{17282E6A-F436-4DD4-AC0C-3287E6B96DF5}.Release|iPhoneSimulator.ActiveCfg = Release|Any CPU
		{17282E6A-F436-4DD4-AC0C-3287E6B96DF5}.Release|iPhoneSimulator.Build.0 = Release|Any CPU
		{17282E6A-F436-4DD4-AC0C-3287E6B96DF5}.Release|x64.ActiveCfg = Release|Any CPU
		{17282E6A-F436-4DD4-AC0C-3287E6B96DF5}.Release|x64.Build.0 = Release|Any CPU
		{17282E6A-F436-4DD4-AC0C-3287E6B96DF5}.Release|x86.ActiveCfg = Release|Any CPU
		{17282E6A-F436-4DD4-AC0C-3287E6B96DF5}.Release|x86.Build.0 = Release|Any CPU
		{600852AE-823A-40D0-9FCA-97C15269BA74}.Ad-Hoc|Any CPU.ActiveCfg = Debug|Any CPU
		{600852AE-823A-40D0-9FCA-97C15269BA74}.Ad-Hoc|Any CPU.Build.0 = Debug|Any CPU
		{600852AE-823A-40D0-9FCA-97C15269BA74}.Ad-Hoc|ARM.ActiveCfg = Debug|Any CPU
		{600852AE-823A-40D0-9FCA-97C15269BA74}.Ad-Hoc|ARM.Build.0 = Debug|Any CPU
		{600852AE-823A-40D0-9FCA-97C15269BA74}.Ad-Hoc|iPhone.ActiveCfg = Debug|Any CPU
		{600852AE-823A-40D0-9FCA-97C15269BA74}.Ad-Hoc|iPhone.Build.0 = Debug|Any CPU
		{600852AE-823A-40D0-9FCA-97C15269BA74}.Ad-Hoc|iPhoneSimulator.ActiveCfg = Debug|Any CPU
		{600852AE-823A-40D0-9FCA-97C15269BA74}.Ad-Hoc|iPhoneSimulator.Build.0 = Debug|Any CPU
		{600852AE-823A-40D0-9FCA-97C15269BA74}.Ad-Hoc|x64.ActiveCfg = Debug|Any CPU
		{600852AE-823A-40D0-9FCA-97C15269BA74}.Ad-Hoc|x64.Build.0 = Debug|Any CPU
		{600852AE-823A-40D0-9FCA-97C15269BA74}.Ad-Hoc|x86.ActiveCfg = Debug|Any CPU
		{600852AE-823A-40D0-9FCA-97C15269BA74}.Ad-Hoc|x86.Build.0 = Debug|Any CPU
		{600852AE-823A-40D0-9FCA-97C15269BA74}.AppStore|Any CPU.ActiveCfg = Debug|Any CPU
		{600852AE-823A-40D0-9FCA-97C15269BA74}.AppStore|Any CPU.Build.0 = Debug|Any CPU
		{600852AE-823A-40D0-9FCA-97C15269BA74}.AppStore|ARM.ActiveCfg = Debug|Any CPU
		{600852AE-823A-40D0-9FCA-97C15269BA74}.AppStore|ARM.Build.0 = Debug|Any CPU
		{600852AE-823A-40D0-9FCA-97C15269BA74}.AppStore|iPhone.ActiveCfg = Debug|Any CPU
		{600852AE-823A-40D0-9FCA-97C15269BA74}.AppStore|iPhone.Build.0 = Debug|Any CPU
		{600852AE-823A-40D0-9FCA-97C15269BA74}.AppStore|iPhoneSimulator.ActiveCfg = Debug|Any CPU
		{600852AE-823A-40D0-9FCA-97C15269BA74}.AppStore|iPhoneSimulator.Build.0 = Debug|Any CPU
		{600852AE-823A-40D0-9FCA-97C15269BA74}.AppStore|x64.ActiveCfg = Debug|Any CPU
		{600852AE-823A-40D0-9FCA-97C15269BA74}.AppStore|x64.Build.0 = Debug|Any CPU
		{600852AE-823A-40D0-9FCA-97C15269BA74}.AppStore|x86.ActiveCfg = Debug|Any CPU
		{600852AE-823A-40D0-9FCA-97C15269BA74}.AppStore|x86.Build.0 = Debug|Any CPU
		{600852AE-823A-40D0-9FCA-97C15269BA74}.Debug|Any CPU.ActiveCfg = Debug|Any CPU
		{600852AE-823A-40D0-9FCA-97C15269BA74}.Debug|Any CPU.Build.0 = Debug|Any CPU
		{600852AE-823A-40D0-9FCA-97C15269BA74}.Debug|ARM.ActiveCfg = Debug|Any CPU
		{600852AE-823A-40D0-9FCA-97C15269BA74}.Debug|ARM.Build.0 = Debug|Any CPU
		{600852AE-823A-40D0-9FCA-97C15269BA74}.Debug|iPhone.ActiveCfg = Debug|Any CPU
		{600852AE-823A-40D0-9FCA-97C15269BA74}.Debug|iPhone.Build.0 = Debug|Any CPU
		{600852AE-823A-40D0-9FCA-97C15269BA74}.Debug|iPhoneSimulator.ActiveCfg = Debug|Any CPU
		{600852AE-823A-40D0-9FCA-97C15269BA74}.Debug|iPhoneSimulator.Build.0 = Debug|Any CPU
		{600852AE-823A-40D0-9FCA-97C15269BA74}.Debug|x64.ActiveCfg = Debug|Any CPU
		{600852AE-823A-40D0-9FCA-97C15269BA74}.Debug|x64.Build.0 = Debug|Any CPU
		{600852AE-823A-40D0-9FCA-97C15269BA74}.Debug|x86.ActiveCfg = Debug|Any CPU
		{600852AE-823A-40D0-9FCA-97C15269BA74}.Debug|x86.Build.0 = Debug|Any CPU
		{600852AE-823A-40D0-9FCA-97C15269BA74}.Release|Any CPU.ActiveCfg = Release|Any CPU
		{600852AE-823A-40D0-9FCA-97C15269BA74}.Release|Any CPU.Build.0 = Release|Any CPU
		{600852AE-823A-40D0-9FCA-97C15269BA74}.Release|ARM.ActiveCfg = Release|Any CPU
		{600852AE-823A-40D0-9FCA-97C15269BA74}.Release|ARM.Build.0 = Release|Any CPU
		{600852AE-823A-40D0-9FCA-97C15269BA74}.Release|iPhone.ActiveCfg = Release|Any CPU
		{600852AE-823A-40D0-9FCA-97C15269BA74}.Release|iPhone.Build.0 = Release|Any CPU
		{600852AE-823A-40D0-9FCA-97C15269BA74}.Release|iPhoneSimulator.ActiveCfg = Release|Any CPU
		{600852AE-823A-40D0-9FCA-97C15269BA74}.Release|iPhoneSimulator.Build.0 = Release|Any CPU
		{600852AE-823A-40D0-9FCA-97C15269BA74}.Release|x64.ActiveCfg = Release|Any CPU
		{600852AE-823A-40D0-9FCA-97C15269BA74}.Release|x64.Build.0 = Release|Any CPU
		{600852AE-823A-40D0-9FCA-97C15269BA74}.Release|x86.ActiveCfg = Release|Any CPU
		{600852AE-823A-40D0-9FCA-97C15269BA74}.Release|x86.Build.0 = Release|Any CPU
	EndGlobalSection
	GlobalSection(SolutionProperties) = preSolution
		HideSolutionNode = FALSE
	EndGlobalSection
	GlobalSection(ExtensibilityGlobals) = postSolution
		SolutionGuid = {E8BD446E-2F99-4F95-B9BF-AB242266409C}
	EndGlobalSection
EndGlobal
